GEM
  remote: https://rubygems.org/
  specs:
    activemodel (8.1.3)
      activesupport (= 8.1.3)
    activesupport (8.1.3)
      base64
      bigdecimal
      concurrent-ruby (~> 1.0, >= 1.3.1)
      connection_pool (>= 2.2.5)
      drb
      i18n (>= 1.6, < 2)
      json
      logger (>= 1.4.2)
      minitest (>= 5.1)
      securerandom (>= 0.3)
      tzinfo (~> 2.0, >= 2.0.5)
      uri (>= 0.13.1)
    ast (2.4.3)
    base64 (0.3.0)
    bigdecimal (4.1.1)
    bson (5.2.0)
    clockwork (4.0.1)
      activesupport
      tzinfo
    coderay (1.1.3)
    concurrent-ruby (1.3.6)
    connection_pool (2.5.5)
    cronex (0.15.0)
      tzinfo
      unicode (>= 0.4.4.5)
    drb (2.2.3)
    et-orbi (1.4.0)
      tzinfo
    execjs (2.10.0)
    ffi (1.17.4-aarch64-linux-gnu)
    ffi (1.17.4-arm-linux-gnu)
    ffi (1.17.4-arm64-darwin)
    ffi (1.17.4-x86-linux-gnu)
    ffi (1.17.4-x86_64-darwin)
    ffi (1.17.4-x86_64-linux-gnu)
    foreman (0.90.0)
      thor (~> 1.4)
    fugit (1.12.1)
      et-orbi (~> 1.4)
      raabro (~> 1.4)
    get_process_mem (1.0.0)
      bigdecimal (>= 2.0)
      ffi (~> 1.0)
    globalid (1.3.0)
      activesupport (>= 6.1)
    haml (7.2.0)
      temple (>= 0.8.2)
      thor
      tilt
    i18n (1.14.8)
      concurrent-ruby (~> 1.0)
    io-console (0.8.2)
    json (2.19.3)
    language_server-protocol (3.17.0.5)
    lint_roller (1.1.0)
    logger (1.7.0)
    method_source (1.1.0)
    mini_portile2 (2.8.9)
    minitest (6.0.4)
      drb (~> 2.0)
      prism (~> 1.5)
    mongo (2.23.0)
      base64
      bson (>= 4.14.1, < 6.0.0)
    mongoid (9.0.10)
      activemodel (>= 5.1, < 8.2, != 7.0.0)
      concurrent-ruby (>= 1.0.5, < 2.0)
      mongo (>= 2.18.0, < 3.0.0)
    mono_logger (1.1.2)
    multi_json (1.20.1)
    mustermann (3.1.0)
    newrelic_rpm (10.2.0)
      logger
    nio4r (2.7.5)
    nokogiri (1.19.2)
      mini_portile2 (~> 2.8.2)
      racc (~> 1.4)
    nokogiri (1.19.2-aarch64-linux-gnu)
      racc (~> 1.4)
    nokogiri (1.19.2-arm-linux-gnu)
      racc (~> 1.4)
    nokogiri (1.19.2-arm64-darwin)
      racc (~> 1.4)
    nokogiri (1.19.2-x86_64-darwin)
      racc (~> 1.4)
    nokogiri (1.19.2-x86_64-linux-gnu)
      racc (~> 1.4)
    ostruct (0.6.3)
    parallel (1.28.0)
    parser (3.3.11.1)
      ast (~> 2.4.1)
      racc
    prism (1.9.0)
    pry (0.16.0)
      coderay (~> 1.1)
      method_source (~> 1.0)
      reline (>= 0.6.0)
    puma (7.2.0)
      nio4r (~> 2.0)
    puma_worker_killer (1.0.0)
      bigdecimal (>= 2.0)
      get_process_mem (>= 0.2)
      puma (>= 2.7)
    raabro (1.4.0)
    racc (1.8.1)
    rack (2.2.23)
    rack-protection (3.2.0)
      base64 (>= 0.1.0)
      rack (~> 2.2, >= 2.2.4)
    rack-test (2.2.0)
      rack (>= 1.3)
    rainbow (3.1.1)
    rake (13.3.1)
    redis (5.4.1)
      redis-client (>= 0.22.0)
    redis-client (0.28.0)
      connection_pool
    redis-namespace (1.11.0)
      redis (>= 4)
    regexp_parser (2.11.3)
    reline (0.6.3)
      io-console (~> 0.5)
    resque (3.0.0)
      base64 (~> 0.1)
      logger
      mono_logger (~> 1)
      multi_json (~> 1.0)
      redis (>= 4.0)
      redis-namespace (~> 1.6)
      sinatra (>= 2.0)
    rubocop (1.84.2)
      json (~> 2.3)
      language_server-protocol (~> 3.17.0.2)
      lint_roller (~> 1.1.0)
      parallel (~> 1.10)
      parser (>= 3.3.0.2)
      rainbow (>= 2.2.2, < 4.0)
      regexp_parser (>= 2.9.3, < 3.0)
      rubocop-ast (>= 1.49.0, < 2.0)
      ruby-progressbar (~> 1.7)
      unicode-display_width (>= 2.4.0, < 4.0)
    rubocop-ast (1.49.1)
      parser (>= 3.3.7.2)
      prism (~> 1.7)
    rubocop-performance (1.26.1)
      lint_roller (~> 1.1)
      rubocop (>= 1.75.0, < 2.0)
      rubocop-ast (>= 1.47.1, < 2.0)
    ruby-progressbar (1.13.0)
    sassc (2.4.0)
      ffi (~> 1.9)
    securerandom (0.4.1)
    sentry-resque (6.5.0)
      resque (>= 1.24)
      sentry-ruby (~> 6.5.0)
    sentry-ruby (6.5.0)
      bigdecimal
      concurrent-ruby (~> 1.0, >= 1.0.2)
      logger
    sentry-sidekiq (6.5.0)
      sentry-ruby (~> 6.5.0)
      sidekiq (>= 5.0)
    sidekiq (7.3.10)
      base64
      connection_pool (>= 2.3.0, < 3)
      logger
      rack (>= 2.2.4, < 3.3)
      redis-client (>= 0.23.0, < 1)
    sidekiq-cron (2.3.1)
      cronex (>= 0.13.0)
      fugit (~> 1.8, >= 1.11.1)
      globalid (>= 1.0.1)
      sidekiq (>= 6.5.0)
    sinatra (3.2.0)
      mustermann (~> 3.0)
      rack (~> 2.2, >= 2.2.4)
      rack-protection (= 3.2.0)
      tilt (~> 2.0)
    sinatra-cross_origin (0.4.0)
    sinatra-redis (0.3.0)
      redis
      sinatra (>= 0.9.4)
    sprockets (4.0.3)
      concurrent-ruby (~> 1.0)
      rack (> 1, < 3)
    sprockets-helpers (1.4.0)
      sprockets (>= 2.2)
    standard (1.54.0)
      language_server-protocol (~> 3.17.0.2)
      lint_roller (~> 1.0)
      rubocop (~> 1.84.0)
      standard-custom (~> 1.0.0)
      standard-performance (~> 1.8)
    standard-custom (1.0.2)
      lint_roller (~> 1.0)
      rubocop (~> 1.50)
    standard-performance (1.9.0)
      lint_roller (~> 1.1)
      rubocop-performance (~> 1.26.0)
    standardrb (1.0.1)
      standard
    temple (0.10.4)
    thor (1.5.0)
    tilt (2.7.0)
    tzinfo (2.0.6)
      concurrent-ruby (~> 1.0)
    uglifier (4.2.1)
      execjs (>= 0.3.0, < 3)
    unicode (0.4.4.5)
    unicode-display_width (3.2.0)
      unicode-emoji (~> 4.1)
    unicode-emoji (4.2.0)
    uri (1.1.1)

PLATFORMS
  aarch64-linux
  arm-linux
  arm64-darwin
  x86-linux
  x86_64-darwin
  x86_64-linux

DEPENDENCIES
  clockwork
  connection_pool (~> 2.4)
  foreman
  haml
  json
  minitest
  mongoid
  newrelic_rpm
  nokogiri
  ostruct (~> 0.6.1)
  pry
  puma
  puma_worker_killer
  rack
  rack-test
  rake
  redis
  resque
  sassc
  sentry-resque
  sentry-ruby
  sentry-sidekiq
  sidekiq
  sidekiq-cron
  sinatra
  sinatra-cross_origin
  sinatra-redis
  sprockets (~> 4.0.2)
  sprockets-helpers
  standardrb
  uglifier

RUBY VERSION
   ruby 3.4.7p58

BUNDLED WITH
   2.6.7
